
Microsoft Visual Studio Solution File, Format Version 12.00
# Visual Studio Version 17
VisualStudioVersion = 17.7.34003.232
MinimumVisualStudioVersion = 10.0.40219.1
Project("{FAE04EC0-301F-11D3-BF4B-00C04F79EFBC}") = "pz7", "pz7\pz7.csproj", "{E0A9EC7E-502A-4E91-AF1D-A2401A8F34F6}"
EndProject
Global
	GlobalSection(SolutionConfigurationPlatforms) = preSolution
		Debug|Any CPU = Debug|Any CPU
		Release|Any CPU = Release|Any CPU
	EndGlobalSection
	GlobalSection(ProjectConfigurationPlatforms) = postSolution
		{E0A9EC7E-502A-4E91-AF1D-A2401A8F34F6}.Debug|Any CPU.ActiveCfg = Debug|Any CPU
		{E0A9EC7E-502A-4E91-AF1D-A2401A8F34F6}.Debug|Any CPU.Build.0 = Debug|Any CPU
		{E0A9EC7E-502A-4E91-AF1D-A2401A8F34F6}.Release|Any CPU.ActiveCfg = Release|Any CPU
		{E0A9EC7E-502A-4E91-AF1D-A2401A8F34F6}.Release|Any CPU.Build.0 = Release|Any CPU
	EndGlobalSection
	GlobalSection(SolutionProperties) = preSolution
		HideSolutionNode = FALSE
	EndGlobalSection
	GlobalSection(ExtensibilityGlobals) = postSolution
		SolutionGuid = {92FED600-1DF8-48BC-9AAE-5F80464184C2}
	EndGlobalSection
EndGlobal
